
Microsoft Visual Studio Solution File, Format Version 12.00
# Visual Studio 15
Project("{FAE04EC0-301F-11D3-BF4B-00C04F79EFBC}") = "UnityEditor.UI", "UnityEditor.UI.csproj", "{74D02F98-0CFC-8320-9AD1-B3DCCCEE3FB2}"
EndProject
Project("{FAE04EC0-301F-11D3-BF4B-00C04F79EFBC}") = "UnityEngine.UI", "UnityEngine.UI.csproj", "{3A7976D0-1D15-33D1-7279-E70F1BFB06C1}"
EndProject
Global
	GlobalSection(SolutionConfigurationPlatforms) = preSolution
		Debug|Any CPU = Debug|Any CPU
		Release|Any CPU = Release|Any CPU
	EndGlobalSection
	GlobalSection(ProjectConfigurationPlatforms) = postSolution
		{74D02F98-0CFC-8320-9AD1-B3DCCCEE3FB2}.Debug|Any CPU.ActiveCfg = Debug|Any CPU
		{74D02F98-0CFC-8320-9AD1-B3DCCCEE3FB2}.Debug|Any CPU.Build.0 = Debug|Any CPU
		{74D02F98-0CFC-8320-9AD1-B3DCCCEE3FB2}.Release|Any CPU.ActiveCfg = Release|Any CPU
		{74D02F98-0CFC-8320-9AD1-B3DCCCEE3FB2}.Release|Any CPU.Build.0 = Release|Any CPU
		{3A7976D0-1D15-33D1-7279-E70F1BFB06C1}.Debug|Any CPU.ActiveCfg = Debug|Any CPU
		{3A7976D0-1D15-33D1-7279-E70F1BFB06C1}.Debug|Any CPU.Build.0 = Debug|Any CPU
		{3A7976D0-1D15-33D1-7279-E70F1BFB06C1}.Release|Any CPU.ActiveCfg = Release|Any CPU
		{3A7976D0-1D15-33D1-7279-E70F1BFB06C1}.Release|Any CPU.Build.0 = Release|Any CPU
	EndGlobalSection
	GlobalSection(SolutionProperties) = preSolution
		HideSolutionNode = FALSE
	EndGlobalSection
EndGlobal
